// !$*UTF8*$!
{
	archiveVersion = 1;
	classes = {
	};
	objectVersion = 77;
	objects = {

/* Begin PBXBuildFile section */
		0896CCE91C388FBB08EFBDDD /* RecognizeTextUseCase.swift in Sources */ = {isa = PBXBuildFile; fileRef = 6F0D6CA0AA37132847DC6F05 /* RecognizeTextUseCase.swift */; };
		0D4ABB33D0BB8B5971A74744 /* LoadAnnotationsUseCase.swift in Sources */ = {isa = PBXBuildFile; fileRef = 03E667FD01FD84A910203159 /* LoadAnnotationsUseCase.swift */; };
		12F60D26C7151202921C16F8 /* RecordingPreviewView.swift in Sources */ = {isa = PBXBuildFile; fileRef = B8DACF3C2D4B2E8F05474299 /* RecordingPreviewView.swift */; };
		155D92684D223C7B7E3BA0F6 /* OCRService.swift in Sources */ = {isa = PBXBuildFile; fileRef = 3F85EC6544D33B3801E3926E /* OCRService.swift */; };
		16CF37EAFE195EAD403182F4 /* GitHubUpdateService.swift in Sources */ = {isa = PBXBuildFile; fileRef = FBDADA3A9CC5BD28C982EBFC /* GitHubUpdateService.swift */; };
		1A0676CDE9AE59651B0E0249 /* MainWindowView.swift in Sources */ = {isa = PBXBuildFile; fileRef = 2E7B5C4F2B2E0D3EB57C3144 /* MainWindowView.swift */; };
		1C30A9DDDA5B7D5865BC2177 /* ScreenRecorder.swift in Sources */ = {isa = PBXBuildFile; fileRef = F96B2A57F9EF52C61F58D89C /* ScreenRecorder.swift */; };
		1C9C8342BABC17640532B6CC /* ScreenRecordingService.swift in Sources */ = {isa = PBXBuildFile; fileRef = 092BDC9C41BF6768F07573BA /* ScreenRecordingService.swift */; };
		1FD8EF4777DD8BA0A8D27F96 /* FlattenedImageView.swift in Sources */ = {isa = PBXBuildFile; fileRef = F242610EABE851DAD7B2B0F6 /* FlattenedImageView.swift */; };
		24637C63E2E54083FED1EAA8 /* RecordingExporterService.swift in Sources */ = {isa = PBXBuildFile; fileRef = 4CDCE549FCA7A124F561D866 /* RecordingExporterService.swift */; };
		30436D41AC0C57AF39999121 /* CaptureScreenshotUseCase.swift in Sources */ = {isa = PBXBuildFile; fileRef = 0A79594107D38D7B3313B305 /* CaptureScreenshotUseCase.swift */; };
		3930877CD1520CC331DF64D5 /* OnboardingWindowController.swift in Sources */ = {isa = PBXBuildFile; fileRef = 24B12F1DA98451A3EF2BFCD6 /* OnboardingWindowController.swift */; };
		39C642B6AA5F669211FE6704 /* BeautifyRenderer.swift in Sources */ = {isa = PBXBuildFile; fileRef = 70353DD99D620482667A4220 /* BeautifyRenderer.swift */; };
		3A441895771A52FEE6DA155D /* AreaPickerOverlay.swift in Sources */ = {isa = PBXBuildFile; fileRef = 7C824D020078A357B3B4CFFA /* AreaPickerOverlay.swift */; };
		3AF43CE26B1F5036E8E0ADE7 /* CapturePreviewManager.swift in Sources */ = {isa = PBXBuildFile; fileRef = 9F44A30B804B90627C25BA56 /* CapturePreviewManager.swift */; };
		3C8FF4279883AE9B6B05C29C /* AnnotationRenderer.swift in Sources */ = {isa = PBXBuildFile; fileRef = C243ED87E2218E99CDE35A32 /* AnnotationRenderer.swift */; };
		3FC0FB281DA223CA40AB8518 /* UpdateInstaller.swift in Sources */ = {isa = PBXBuildFile; fileRef = 9C22DBA2EA5FB10EB3FEAF22 /* UpdateInstaller.swift */; };
		443539E55EA4D09183F330B8 /* WindowPickerOverlay.swift in Sources */ = {isa = PBXBuildFile; fileRef = 969FBD8818DD7B02683B8D7B /* WindowPickerOverlay.swift */; };
		49985723090FC67B79A365B3 /* WindowCaptureService.swift in Sources */ = {isa = PBXBuildFile; fileRef = 20EDBC135B97FBE45E8D9774 /* WindowCaptureService.swift */; };
		52C2E7B5EE9C939D67AB5D05 /* SettingsView.swift in Sources */ = {isa = PBXBuildFile; fileRef = B6A941AB037116E966856D9F /* SettingsView.swift */; };
		56B9B5A4E3988FA975655241 /* SetCropUseCase.swift in Sources */ = {isa = PBXBuildFile; fileRef = 8B2EC158E240E8357D2E75A2 /* SetCropUseCase.swift */; };
		57242771BFDA3142FEEC473E /* PinWindowManager.swift in Sources */ = {isa = PBXBuildFile; fileRef = B5C70BAAD5A3AE9B44697E8D /* PinWindowManager.swift */; };
		577B81ABD38F37821D1572F2 /* RecordingExportWindowController.swift in Sources */ = {isa = PBXBuildFile; fileRef = 3854AF6795A6E833942A5FED /* RecordingExportWindowController.swift */; };
		5B404C483E8691805D2074DB /* AnnotationRepositoryImpl.swift in Sources */ = {isa = PBXBuildFile; fileRef = B75CDB7C41A5522626CB93F6 /* AnnotationRepositoryImpl.swift */; };
		5E2D4E44BAE9FA3E4629EE6D /* AppDelegate.swift in Sources */ = {isa = PBXBuildFile; fileRef = 7E8524EA3756852EBF743008 /* AppDelegate.swift */; };
		66F076040B797CC955E11F77 /* WindowOpener.swift in Sources */ = {isa = PBXBuildFile; fileRef = 081C10403C97414E515B2B89 /* WindowOpener.swift */; };
		683B6C8B29B0684CFAFA62F3 /* AnnotationRepository.swift in Sources */ = {isa = PBXBuildFile; fileRef = 64B8ECFD5280F45D47A4624C /* AnnotationRepository.swift */; };
		6D727EDBFB38FA842318B79E /* ScreenshotRepositoryImpl.swift in Sources */ = {isa = PBXBuildFile; fileRef = E9CFB5EDD683675FF9F3B857 /* ScreenshotRepositoryImpl.swift */; };
		7528A0E792A46DF0930D31A7 /* RecordingExportView.swift in Sources */ = {isa = PBXBuildFile; fileRef = 3C1176D102B5328AD76A32C8 /* RecordingExportView.swift */; };
		75ADB67BD8077A76A83A844A /* BackdropStyle.swift in Sources */ = {isa = PBXBuildFile; fileRef = 3CB228CB4C25E75D1A301D11 /* BackdropStyle.swift */; };
		77E4075EA9E2256BCADD0EC9 /* Assets.xcassets in Resources */ = {isa = PBXBuildFile; fileRef = 7B5271C2D03AAD40BAA8139B /* Assets.xcassets */; };
		7844646A77126DAFA0308CA8 /* Screenshot.swift in Sources */ = {isa = PBXBuildFile; fileRef = D0BF92C15C182F672F1599E3 /* Screenshot.swift */; };
		79275690A86833FA965D95D8 /* EditorView.swift in Sources */ = {isa = PBXBuildFile; fileRef = 141BA95984926C8A3F5A1AE6 /* EditorView.swift */; };
		7B94C47F0C3A3FACEC9F5432 /* UpdateChecker.swift in Sources */ = {isa = PBXBuildFile; fileRef = 21F0C2ABEAF3AE55B9FE8DF5 /* UpdateChecker.swift */; };
		7BAD339EC928E0DA062C7B31 /* FileScreenshotStore.swift in Sources */ = {isa = PBXBuildFile; fileRef = AE90A5F13F739D1C3992B078 /* FileScreenshotStore.swift */; };
		804CDC953F188AE1DC151962 /* DIContainer.swift in Sources */ = {isa = PBXBuildFile; fileRef = 3ABA7C765089FB3689351F3D /* DIContainer.swift */; };
		87DCCC0E1E1EB623145CEA09 /* DeleteScreenshotUseCase.swift in Sources */ = {isa = PBXBuildFile; fileRef = 6109FEE881F3A698BE5CC951 /* DeleteScreenshotUseCase.swift */; };
		8C4049F99FF6D689F78C1499 /* Annotation.swift in Sources */ = {isa = PBXBuildFile; fileRef = 0BF7610B72022C543758A9D9 /* Annotation.swift */; };
		8D38C233745E963EF1CA3998 /* CapturesSidebarView.swift in Sources */ = {isa = PBXBuildFile; fileRef = 2F0A25D68246DF430D50A5DE /* CapturesSidebarView.swift */; };
		8DA8FA2E84B23910E06608DC /* FetchHistoryUseCase.swift in Sources */ = {isa = PBXBuildFile; fileRef = F2CD20FA5CBD44CC3A6809F8 /* FetchHistoryUseCase.swift */; };
		8E6F6C5EB1CA539E4958A112 /* CaptureHotkey.swift in Sources */ = {isa = PBXBuildFile; fileRef = 2551AB195A6E57BAA72F5501 /* CaptureHotkey.swift */; };
		9108600B04B8F7802F10624E /* RecordingController.swift in Sources */ = {isa = PBXBuildFile; fileRef = 5922AC83A2FCD9346C287369 /* RecordingController.swift */; };
		987D7A70E31E21D2DDEF3FD2 /* EditorCanvasView.swift in Sources */ = {isa = PBXBuildFile; fileRef = 9369660D42EEB5E5D478F835 /* EditorCanvasView.swift */; };
		9BA1C90F55DADE80DE784454 /* SystemScreenCaptureService.swift in Sources */ = {isa = PBXBuildFile; fileRef = 036BF601111B474D5B59C780 /* SystemScreenCaptureService.swift */; };
		9CCBE6E68F7606DA2637D778 /* SaveAnnotationsUseCase.swift in Sources */ = {isa = PBXBuildFile; fileRef = E1111D96E824C5F5EAC8FF70 /* SaveAnnotationsUseCase.swift */; };
		9E2CA98C71F97958DBE5254D /* CaptureMode.swift in Sources */ = {isa = PBXBuildFile; fileRef = B216D6352B84AEF5F5186AE9 /* CaptureMode.swift */; };
		A0A94F5C6DEAD8DFC82A9668 /* AreaCaptureService.swift in Sources */ = {isa = PBXBuildFile; fileRef = EEE907829DF69444DC931D37 /* AreaCaptureService.swift */; };
		AA14A4CB3BA0E380680E0BFD /* VisionOCRService.swift in Sources */ = {isa = PBXBuildFile; fileRef = 09D9E79352A4F3D535132EA2 /* VisionOCRService.swift */; };
		AF20A663548E41989211C52A /* GlobalHotkeyService.swift in Sources */ = {isa = PBXBuildFile; fileRef = D68C1EB5C4AB5BC9260D1BC5 /* GlobalHotkeyService.swift */; };
		B4DB1872752D120E6EC4822E /* EditorViewModel.swift in Sources */ = {isa = PBXBuildFile; fileRef = ED5C33AA9B4830D5EEA38A7E /* EditorViewModel.swift */; };
		B4E5D81DE3706141A32AE02B /* OverlayPanel.swift in Sources */ = {isa = PBXBuildFile; fileRef = 553C36A68D428AF2967AFAB2 /* OverlayPanel.swift */; };
		B53C3632DC94BC2E86731E8C /* EditorToolbarView.swift in Sources */ = {isa = PBXBuildFile; fileRef = 7E87518271AD19E7877A3F49 /* EditorToolbarView.swift */; };
		BBE1528808F70A2DBC6C3A36 /* SetBackgroundUseCase.swift in Sources */ = {isa = PBXBuildFile; fileRef = 410B4F55604E2E005A588A98 /* SetBackgroundUseCase.swift */; };
		BE3BF672E93B2FEE4A36A497 /* AppPreferences.swift in Sources */ = {isa = PBXBuildFile; fileRef = 1BCCE4DABB934077BE3CFAFB /* AppPreferences.swift */; };
		CBF9FEF6D22F1ADDF4583F61 /* NotchPanelManager.swift in Sources */ = {isa = PBXBuildFile; fileRef = 06154281D95F62A09C646DCC /* NotchPanelManager.swift */; };
		D076F868B1781BAB4E1211D6 /* WinterShotApp.swift in Sources */ = {isa = PBXBuildFile; fileRef = 0A9096208A2FBF0271F06E0C /* WinterShotApp.swift */; };
		D36E093D9DA2A9A127D152C3 /* EscapeCancelMonitor.swift in Sources */ = {isa = PBXBuildFile; fileRef = DDB7B9EB2B656D386473D27C /* EscapeCancelMonitor.swift */; };
		DEBE62A7779E90ADBA4A323C /* MainViewModel.swift in Sources */ = {isa = PBXBuildFile; fileRef = 33CAE2E95F28A951A7115C3C /* MainViewModel.swift */; };
		E00B8108EA40EEB90C382281 /* AnnotationColor+SwiftUI.swift in Sources */ = {isa = PBXBuildFile; fileRef = D7A61C6A0175A2C34DD0D543 /* AnnotationColor+SwiftUI.swift */; };
		E4EA7B71DD0E0E37F032478D /* OnboardingView.swift in Sources */ = {isa = PBXBuildFile; fileRef = D395F59189A7CBB61BCDECB3 /* OnboardingView.swift */; };
		EE3993997CB1F2CB93D9D8DB /* RecordScreenUseCase.swift in Sources */ = {isa = PBXBuildFile; fileRef = 6E6E82C860D04D3D66CB1124 /* RecordScreenUseCase.swift */; };
		F228065A0E5808839AB8AB33 /* DisplayFreezer.swift in Sources */ = {isa = PBXBuildFile; fileRef = BDAFC25C044A66DF7219D653 /* DisplayFreezer.swift */; };
		F2E765791CE53DFB5A8936C3 /* HotkeyRecorderView.swift in Sources */ = {isa = PBXBuildFile; fileRef = 342ED9FCD459D49EFEF1CFD0 /* HotkeyRecorderView.swift */; };
		F42ABD982420D6C72E3E2FEA /* RecordingCompositor.swift in Sources */ = {isa = PBXBuildFile; fileRef = 4F2C85BBB3B7986A9C6BE3E1 /* RecordingCompositor.swift */; };
		F678FA2372BE2EDE419C373F /* AppIcon.swift in Sources */ = {isa = PBXBuildFile; fileRef = 71939469CC15EB4BE1B0B164 /* AppIcon.swift */; };
		F80E9ADFD59260635659DCAD /* Recording.swift in Sources */ = {isa = PBXBuildFile; fileRef = 2BBDE42E9447DD6771CCBF99 /* Recording.swift */; };
		FCA4153F12E778A939457E93 /* ScreenshotRepository.swift in Sources */ = {isa = PBXBuildFile; fileRef = F961ED0267218D7171A5DB27 /* ScreenshotRepository.swift */; };
		FCDB4E49C32A68F3FD67F6F0 /* NotchHistoryView.swift in Sources */ = {isa = PBXBuildFile; fileRef = 82E64A98871972B5D7E2CC83 /* NotchHistoryView.swift */; };
/* End PBXBuildFile section */

/* Begin PBXFileReference section */
		036BF601111B474D5B59C780 /* SystemScreenCaptureService.swift */ = {isa = PBXFileReference; lastKnownFileType = sourcecode.swift; path = SystemScreenCaptureService.swift; sourceTree = "<group>"; };
		03E667FD01FD84A910203159 /* LoadAnnotationsUseCase.swift */ = {isa = PBXFileReference; lastKnownFileType = sourcecode.swift; path = LoadAnnotationsUseCase.swift; sourceTree = "<group>"; };
		06154281D95F62A09C646DCC /* NotchPanelManager.swift */ = {isa = PBXFileReference; lastKnownFileType = sourcecode.swift; path = NotchPanelManager.swift; sourceTree = "<group>"; };
		081C10403C97414E515B2B89 /* WindowOpener.swift */ = {isa = PBXFileReference; lastKnownFileType = sourcecode.swift; path = WindowOpener.swift; sourceTree = "<group>"; };
		092BDC9C41BF6768F07573BA /* ScreenRecordingService.swift */ = {isa = PBXFileReference; lastKnownFileType = sourcecode.swift; path = ScreenRecordingService.swift; sourceTree = "<group>"; };
		09D9E79352A4F3D535132EA2 /* VisionOCRService.swift */ = {isa = PBXFileReference; lastKnownFileType = sourcecode.swift; path = VisionOCRService.swift; sourceTree = "<group>"; };
		0A79594107D38D7B3313B305 /* CaptureScreenshotUseCase.swift */ = {isa = PBXFileReference; lastKnownFileType = sourcecode.swift; path = CaptureScreenshotUseCase.swift; sourceTree = "<group>"; };
		0A9096208A2FBF0271F06E0C /* WinterShotApp.swift */ = {isa = PBXFileReference; lastKnownFileType = sourcecode.swift; path = WinterShotApp.swift; sourceTree = "<group>"; };
		0BF7610B72022C543758A9D9 /* Annotation.swift */ = {isa = PBXFileReference; lastKnownFileType = sourcecode.swift; path = Annotation.swift; sourceTree = "<group>"; };
		141BA95984926C8A3F5A1AE6 /* EditorView.swift */ = {isa = PBXFileReference; lastKnownFileType = sourcecode.swift; path = EditorView.swift; sourceTree = "<group>"; };
		1BCCE4DABB934077BE3CFAFB /* AppPreferences.swift */ = {isa = PBXFileReference; lastKnownFileType = sourcecode.swift; path = AppPreferences.swift; sourceTree = "<group>"; };
		20EDBC135B97FBE45E8D9774 /* WindowCaptureService.swift */ = {isa = PBXFileReference; lastKnownFileType = sourcecode.swift; path = WindowCaptureService.swift; sourceTree = "<group>"; };
		21F0C2ABEAF3AE55B9FE8DF5 /* UpdateChecker.swift */ = {isa = PBXFileReference; lastKnownFileType = sourcecode.swift; path = UpdateChecker.swift; sourceTree = "<group>"; };
		24B12F1DA98451A3EF2BFCD6 /* OnboardingWindowController.swift */ = {isa = PBXFileReference; lastKnownFileType = sourcecode.swift; path = OnboardingWindowController.swift; sourceTree = "<group>"; };
		2551AB195A6E57BAA72F5501 /* CaptureHotkey.swift */ = {isa = PBXFileReference; lastKnownFileType = sourcecode.swift; path = CaptureHotkey.swift; sourceTree = "<group>"; };
		2BBDE42E9447DD6771CCBF99 /* Recording.swift */ = {isa = PBXFileReference; lastKnownFileType = sourcecode.swift; path = Recording.swift; sourceTree = "<group>"; };
		2E7B5C4F2B2E0D3EB57C3144 /* MainWindowView.swift */ = {isa = PBXFileReference; lastKnownFileType = sourcecode.swift; path = MainWindowView.swift; sourceTree = "<group>"; };
		2F0A25D68246DF430D50A5DE /* CapturesSidebarView.swift */ = {isa = PBXFileReference; lastKnownFileType = sourcecode.swift; path = CapturesSidebarView.swift; sourceTree = "<group>"; };
		33CAE2E95F28A951A7115C3C /* MainViewModel.swift */ = {isa = PBXFileReference; lastKnownFileType = sourcecode.swift; path = MainViewModel.swift; sourceTree = "<group>"; };
		342ED9FCD459D49EFEF1CFD0 /* HotkeyRecorderView.swift */ = {isa = PBXFileReference; lastKnownFileType = sourcecode.swift; path = HotkeyRecorderView.swift; sourceTree = "<group>"; };
		3854AF6795A6E833942A5FED /* RecordingExportWindowController.swift */ = {isa = PBXFileReference; lastKnownFileType = sourcecode.swift; path = RecordingExportWindowController.swift; sourceTree = "<group>"; };
		3ABA7C765089FB3689351F3D /* DIContainer.swift */ = {isa = PBXFileReference; lastKnownFileType = sourcecode.swift; path = DIContainer.swift; sourceTree = "<group>"; };
		3C1176D102B5328AD76A32C8 /* RecordingExportView.swift */ = {isa = PBXFileReference; lastKnownFileType = sourcecode.swift; path = RecordingExportView.swift; sourceTree = "<group>"; };
		3CB228CB4C25E75D1A301D11 /* BackdropStyle.swift */ = {isa = PBXFileReference; lastKnownFileType = sourcecode.swift; path = BackdropStyle.swift; sourceTree = "<group>"; };
		3F85EC6544D33B3801E3926E /* OCRService.swift */ = {isa = PBXFileReference; lastKnownFileType = sourcecode.swift; path = OCRService.swift; sourceTree = "<group>"; };
		410B4F55604E2E005A588A98 /* SetBackgroundUseCase.swift */ = {isa = PBXFileReference; lastKnownFileType = sourcecode.swift; path = SetBackgroundUseCase.swift; sourceTree = "<group>"; };
		4CDCE549FCA7A124F561D866 /* RecordingExporterService.swift */ = {isa = PBXFileReference; lastKnownFileType = sourcecode.swift; path = RecordingExporterService.swift; sourceTree = "<group>"; };
		4F2C85BBB3B7986A9C6BE3E1 /* RecordingCompositor.swift */ = {isa = PBXFileReference; lastKnownFileType = sourcecode.swift; path = RecordingCompositor.swift; sourceTree = "<group>"; };
		50AAB6A814BD2D36D7E533FA /* WinterShot.app */ = {isa = PBXFileReference; explicitFileType = wrapper.application; includeInIndex = 0; path = WinterShot.app; sourceTree = BUILT_PRODUCTS_DIR; };
		553C36A68D428AF2967AFAB2 /* OverlayPanel.swift */ = {isa = PBXFileReference; lastKnownFileType = sourcecode.swift; path = OverlayPanel.swift; sourceTree = "<group>"; };
		5922AC83A2FCD9346C287369 /* RecordingController.swift */ = {isa = PBXFileReference; lastKnownFileType = sourcecode.swift; path = RecordingController.swift; sourceTree = "<group>"; };
		6109FEE881F3A698BE5CC951 /* DeleteScreenshotUseCase.swift */ = {isa = PBXFileReference; lastKnownFileType = sourcecode.swift; path = DeleteScreenshotUseCase.swift; sourceTree = "<group>"; };
		64B8ECFD5280F45D47A4624C /* AnnotationRepository.swift */ = {isa = PBXFileReference; lastKnownFileType = sourcecode.swift; path = AnnotationRepository.swift; sourceTree = "<group>"; };
		6E6E82C860D04D3D66CB1124 /* RecordScreenUseCase.swift */ = {isa = PBXFileReference; lastKnownFileType = sourcecode.swift; path = RecordScreenUseCase.swift; sourceTree = "<group>"; };
		6F0D6CA0AA37132847DC6F05 /* RecognizeTextUseCase.swift */ = {isa = PBXFileReference; lastKnownFileType = sourcecode.swift; path = RecognizeTextUseCase.swift; sourceTree = "<group>"; };
		70353DD99D620482667A4220 /* BeautifyRenderer.swift */ = {isa = PBXFileReference; lastKnownFileType = sourcecode.swift; path = BeautifyRenderer.swift; sourceTree = "<group>"; };
		71939469CC15EB4BE1B0B164 /* AppIcon.swift */ = {isa = PBXFileReference; lastKnownFileType = sourcecode.swift; path = AppIcon.swift; sourceTree = "<group>"; };
		7B5271C2D03AAD40BAA8139B /* Assets.xcassets */ = {isa = PBXFileReference; lastKnownFileType = folder.assetcatalog; path = Assets.xcassets; sourceTree = "<group>"; };
		7C824D020078A357B3B4CFFA /* AreaPickerOverlay.swift */ = {isa = PBXFileReference; lastKnownFileType = sourcecode.swift; path = AreaPickerOverlay.swift; sourceTree = "<group>"; };
		7E8524EA3756852EBF743008 /* AppDelegate.swift */ = {isa = PBXFileReference; lastKnownFileType = sourcecode.swift; path = AppDelegate.swift; sourceTree = "<group>"; };
		7E87518271AD19E7877A3F49 /* EditorToolbarView.swift */ = {isa = PBXFileReference; lastKnownFileType = sourcecode.swift; path = EditorToolbarView.swift; sourceTree = "<group>"; };
		82E64A98871972B5D7E2CC83 /* NotchHistoryView.swift */ = {isa = PBXFileReference; lastKnownFileType = sourcecode.swift; path = NotchHistoryView.swift; sourceTree = "<group>"; };
		8B2EC158E240E8357D2E75A2 /* SetCropUseCase.swift */ = {isa = PBXFileReference; lastKnownFileType = sourcecode.swift; path = SetCropUseCase.swift; sourceTree = "<group>"; };
		9369660D42EEB5E5D478F835 /* EditorCanvasView.swift */ = {isa = PBXFileReference; lastKnownFileType = sourcecode.swift; path = EditorCanvasView.swift; sourceTree = "<group>"; };
		969FBD8818DD7B02683B8D7B /* WindowPickerOverlay.swift */ = {isa = PBXFileReference; lastKnownFileType = sourcecode.swift; path = WindowPickerOverlay.swift; sourceTree = "<group>"; };
		9C22DBA2EA5FB10EB3FEAF22 /* UpdateInstaller.swift */ = {isa = PBXFileReference; lastKnownFileType = sourcecode.swift; path = UpdateInstaller.swift; sourceTree = "<group>"; };
		9F44A30B804B90627C25BA56 /* CapturePreviewManager.swift */ = {isa = PBXFileReference; lastKnownFileType = sourcecode.swift; path = CapturePreviewManager.swift; sourceTree = "<group>"; };
		AE90A5F13F739D1C3992B078 /* FileScreenshotStore.swift */ = {isa = PBXFileReference; lastKnownFileType = sourcecode.swift; path = FileScreenshotStore.swift; sourceTree = "<group>"; };
		B216D6352B84AEF5F5186AE9 /* CaptureMode.swift */ = {isa = PBXFileReference; lastKnownFileType = sourcecode.swift; path = CaptureMode.swift; sourceTree = "<group>"; };
		B5C70BAAD5A3AE9B44697E8D /* PinWindowManager.swift */ = {isa = PBXFileReference; lastKnownFileType = sourcecode.swift; path = PinWindowManager.swift; sourceTree = "<group>"; };
		B6A941AB037116E966856D9F /* SettingsView.swift */ = {isa = PBXFileReference; lastKnownFileType = sourcecode.swift; path = SettingsView.swift; sourceTree = "<group>"; };
		B75CDB7C41A5522626CB93F6 /* AnnotationRepositoryImpl.swift */ = {isa = PBXFileReference; lastKnownFileType = sourcecode.swift; path = AnnotationRepositoryImpl.swift; sourceTree = "<group>"; };
		B8DACF3C2D4B2E8F05474299 /* RecordingPreviewView.swift */ = {isa = PBXFileReference; lastKnownFileType = sourcecode.swift; path = RecordingPreviewView.swift; sourceTree = "<group>"; };
		BDAFC25C044A66DF7219D653 /* DisplayFreezer.swift */ = {isa = PBXFileReference; lastKnownFileType = sourcecode.swift; path = DisplayFreezer.swift; sourceTree = "<group>"; };
		C243ED87E2218E99CDE35A32 /* AnnotationRenderer.swift */ = {isa = PBXFileReference; lastKnownFileType = sourcecode.swift; path = AnnotationRenderer.swift; sourceTree = "<group>"; };
		D0BF92C15C182F672F1599E3 /* Screenshot.swift */ = {isa = PBXFileReference; lastKnownFileType = sourcecode.swift; path = Screenshot.swift; sourceTree = "<group>"; };
		D395F59189A7CBB61BCDECB3 /* OnboardingView.swift */ = {isa = PBXFileReference; lastKnownFileType = sourcecode.swift; path = OnboardingView.swift; sourceTree = "<group>"; };
		D68C1EB5C4AB5BC9260D1BC5 /* GlobalHotkeyService.swift */ = {isa = PBXFileReference; lastKnownFileType = sourcecode.swift; path = GlobalHotkeyService.swift; sourceTree = "<group>"; };
		D7A61C6A0175A2C34DD0D543 /* AnnotationColor+SwiftUI.swift */ = {isa = PBXFileReference; lastKnownFileType = sourcecode.swift; path = "AnnotationColor+SwiftUI.swift"; sourceTree = "<group>"; };
		DDB7B9EB2B656D386473D27C /* EscapeCancelMonitor.swift */ = {isa = PBXFileReference; lastKnownFileType = sourcecode.swift; path = EscapeCancelMonitor.swift; sourceTree = "<group>"; };
		E1111D96E824C5F5EAC8FF70 /* SaveAnnotationsUseCase.swift */ = {isa = PBXFileReference; lastKnownFileType = sourcecode.swift; path = SaveAnnotationsUseCase.swift; sourceTree = "<group>"; };
		E9CFB5EDD683675FF9F3B857 /* ScreenshotRepositoryImpl.swift */ = {isa = PBXFileReference; lastKnownFileType = sourcecode.swift; path = ScreenshotRepositoryImpl.swift; sourceTree = "<group>"; };
		ED5C33AA9B4830D5EEA38A7E /* EditorViewModel.swift */ = {isa = PBXFileReference; lastKnownFileType = sourcecode.swift; path = EditorViewModel.swift; sourceTree = "<group>"; };
		EEE907829DF69444DC931D37 /* AreaCaptureService.swift */ = {isa = PBXFileReference; lastKnownFileType = sourcecode.swift; path = AreaCaptureService.swift; sourceTree = "<group>"; };
		F242610EABE851DAD7B2B0F6 /* FlattenedImageView.swift */ = {isa = PBXFileReference; lastKnownFileType = sourcecode.swift; path = FlattenedImageView.swift; sourceTree = "<group>"; };
		F2CD20FA5CBD44CC3A6809F8 /* FetchHistoryUseCase.swift */ = {isa = PBXFileReference; lastKnownFileType = sourcecode.swift; path = FetchHistoryUseCase.swift; sourceTree = "<group>"; };
		F846C2824B12988EBE9A3941 /* Info.plist */ = {isa = PBXFileReference; lastKnownFileType = text.plist; path = Info.plist; sourceTree = "<group>"; };
		F961ED0267218D7171A5DB27 /* ScreenshotRepository.swift */ = {isa = PBXFileReference; lastKnownFileType = sourcecode.swift; path = ScreenshotRepository.swift; sourceTree = "<group>"; };
		F96B2A57F9EF52C61F58D89C /* ScreenRecorder.swift */ = {isa = PBXFileReference; lastKnownFileType = sourcecode.swift; path = ScreenRecorder.swift; sourceTree = "<group>"; };
		FBDADA3A9CC5BD28C982EBFC /* GitHubUpdateService.swift */ = {isa = PBXFileReference; lastKnownFileType = sourcecode.swift; path = GitHubUpdateService.swift; sourceTree = "<group>"; };
/* End PBXFileReference section */

/* Begin PBXGroup section */
		0218620BF36D844F372626C3 /* WinterShot */ = {
			isa = PBXGroup;
			children = (
				7B5271C2D03AAD40BAA8139B /* Assets.xcassets */,
				F846C2824B12988EBE9A3941 /* Info.plist */,
				71AED235468F042585A10242 /* App */,
				95D1FAED48947B5731789761 /* Data */,
				75C3E46F84EB83F22FB180E9 /* Domain */,
				9A7F4B1C6AB8C74561926B3F /* Presentation */,
			);
			path = WinterShot;
			sourceTree = "<group>";
		};
		1E531272997ACB6460F59819 /* Recorder */ = {
			isa = PBXGroup;
			children = (
				5922AC83A2FCD9346C287369 /* RecordingController.swift */,
				3C1176D102B5328AD76A32C8 /* RecordingExportView.swift */,
				3854AF6795A6E833942A5FED /* RecordingExportWindowController.swift */,
				B8DACF3C2D4B2E8F05474299 /* RecordingPreviewView.swift */,
			);
			path = Recorder;
			sourceTree = "<group>";
		};
		1EADD10A71F317F3B104B8B5 = {
			isa = PBXGroup;
			children = (
				0218620BF36D844F372626C3 /* WinterShot */,
				D4C424AB6A483F9EB424B35E /* Products */,
			);
			sourceTree = "<group>";
		};
		2B40377390E07BDF24F1113B /* Editor */ = {
			isa = PBXGroup;
			children = (
				9369660D42EEB5E5D478F835 /* EditorCanvasView.swift */,
				7E87518271AD19E7877A3F49 /* EditorToolbarView.swift */,
				141BA95984926C8A3F5A1AE6 /* EditorView.swift */,
				ED5C33AA9B4830D5EEA38A7E /* EditorViewModel.swift */,
			);
			path = Editor;
			sourceTree = "<group>";
		};
		2B74C019C4D11ADDC1644F1E /* Entities */ = {
			isa = PBXGroup;
			children = (
				0BF7610B72022C543758A9D9 /* Annotation.swift */,
				3CB228CB4C25E75D1A301D11 /* BackdropStyle.swift */,
				2551AB195A6E57BAA72F5501 /* CaptureHotkey.swift */,
				B216D6352B84AEF5F5186AE9 /* CaptureMode.swift */,
				2BBDE42E9447DD6771CCBF99 /* Recording.swift */,
				D0BF92C15C182F672F1599E3 /* Screenshot.swift */,
			);
			path = Entities;
			sourceTree = "<group>";
		};
		39C7334B49E769CCF9D46904 /* Storage */ = {
			isa = PBXGroup;
			children = (
				AE90A5F13F739D1C3992B078 /* FileScreenshotStore.swift */,
			);
			path = Storage;
			sourceTree = "<group>";
		};
		48FFC9712B129FE8615417E4 /* Main */ = {
			isa = PBXGroup;
			children = (
				2F0A25D68246DF430D50A5DE /* CapturesSidebarView.swift */,
				33CAE2E95F28A951A7115C3C /* MainViewModel.swift */,
				2E7B5C4F2B2E0D3EB57C3144 /* MainWindowView.swift */,
				21F0C2ABEAF3AE55B9FE8DF5 /* UpdateChecker.swift */,
			);
			path = Main;
			sourceTree = "<group>";
		};
		4B7F68E42CD88DA2D6213757 /* Common */ = {
			isa = PBXGroup;
			children = (
				D7A61C6A0175A2C34DD0D543 /* AnnotationColor+SwiftUI.swift */,
				C243ED87E2218E99CDE35A32 /* AnnotationRenderer.swift */,
				71939469CC15EB4BE1B0B164 /* AppIcon.swift */,
				70353DD99D620482667A4220 /* BeautifyRenderer.swift */,
				DDB7B9EB2B656D386473D27C /* EscapeCancelMonitor.swift */,
				F242610EABE851DAD7B2B0F6 /* FlattenedImageView.swift */,
				553C36A68D428AF2967AFAB2 /* OverlayPanel.swift */,
				081C10403C97414E515B2B89 /* WindowOpener.swift */,
			);
			path = Common;
			sourceTree = "<group>";
		};
		5800BE7650CF5B392F37106E /* Repositories */ = {
			isa = PBXGroup;
			children = (
				B75CDB7C41A5522626CB93F6 /* AnnotationRepositoryImpl.swift */,
				E9CFB5EDD683675FF9F3B857 /* ScreenshotRepositoryImpl.swift */,
			);
			path = Repositories;
			sourceTree = "<group>";
		};
		67831A3FC4E7FC33B6A35F6C /* UseCases */ = {
			isa = PBXGroup;
			children = (
				0A79594107D38D7B3313B305 /* CaptureScreenshotUseCase.swift */,
				6109FEE881F3A698BE5CC951 /* DeleteScreenshotUseCase.swift */,
				F2CD20FA5CBD44CC3A6809F8 /* FetchHistoryUseCase.swift */,
				03E667FD01FD84A910203159 /* LoadAnnotationsUseCase.swift */,
				6F0D6CA0AA37132847DC6F05 /* RecognizeTextUseCase.swift */,
				6E6E82C860D04D3D66CB1124 /* RecordScreenUseCase.swift */,
				E1111D96E824C5F5EAC8FF70 /* SaveAnnotationsUseCase.swift */,
				410B4F55604E2E005A588A98 /* SetBackgroundUseCase.swift */,
				8B2EC158E240E8357D2E75A2 /* SetCropUseCase.swift */,
			);
			path = UseCases;
			sourceTree = "<group>";
		};
		71AED235468F042585A10242 /* App */ = {
			isa = PBXGroup;
			children = (
				7E8524EA3756852EBF743008 /* AppDelegate.swift */,
				1BCCE4DABB934077BE3CFAFB /* AppPreferences.swift */,
				3ABA7C765089FB3689351F3D /* DIContainer.swift */,
				0A9096208A2FBF0271F06E0C /* WinterShotApp.swift */,
			);
			path = App;
			sourceTree = "<group>";
		};
		75C3E46F84EB83F22FB180E9 /* Domain */ = {
			isa = PBXGroup;
			children = (
				2B74C019C4D11ADDC1644F1E /* Entities */,
				8D367DC6DCFDF14FF3A4B93B /* Repositories */,
				67831A3FC4E7FC33B6A35F6C /* UseCases */,
			);
			path = Domain;
			sourceTree = "<group>";
		};
		7B3CC561834D83546C8AA0DC /* Settings */ = {
			isa = PBXGroup;
			children = (
				342ED9FCD459D49EFEF1CFD0 /* HotkeyRecorderView.swift */,
				B6A941AB037116E966856D9F /* SettingsView.swift */,
			);
			path = Settings;
			sourceTree = "<group>";
		};
		81C88ABE058D7D06933EC859 /* Onboarding */ = {
			isa = PBXGroup;
			children = (
				D395F59189A7CBB61BCDECB3 /* OnboardingView.swift */,
				24B12F1DA98451A3EF2BFCD6 /* OnboardingWindowController.swift */,
			);
			path = Onboarding;
			sourceTree = "<group>";
		};
		81E61A37C79E94BCACD4FB80 /* AreaPicker */ = {
			isa = PBXGroup;
			children = (
				7C824D020078A357B3B4CFFA /* AreaPickerOverlay.swift */,
			);
			path = AreaPicker;
			sourceTree = "<group>";
		};
		85F7C9572EE42D62930D91E5 /* Notch */ = {
			isa = PBXGroup;
			children = (
				82E64A98871972B5D7E2CC83 /* NotchHistoryView.swift */,
				06154281D95F62A09C646DCC /* NotchPanelManager.swift */,
			);
			path = Notch;
			sourceTree = "<group>";
		};
		8D367DC6DCFDF14FF3A4B93B /* Repositories */ = {
			isa = PBXGroup;
			children = (
				64B8ECFD5280F45D47A4624C /* AnnotationRepository.swift */,
				3F85EC6544D33B3801E3926E /* OCRService.swift */,
				F96B2A57F9EF52C61F58D89C /* ScreenRecorder.swift */,
				F961ED0267218D7171A5DB27 /* ScreenshotRepository.swift */,
			);
			path = Repositories;
			sourceTree = "<group>";
		};
		8E886F59711B6F9AEDC33713 /* WindowPicker */ = {
			isa = PBXGroup;
			children = (
				969FBD8818DD7B02683B8D7B /* WindowPickerOverlay.swift */,
			);
			path = WindowPicker;
			sourceTree = "<group>";
		};
		95D1FAED48947B5731789761 /* Data */ = {
			isa = PBXGroup;
			children = (
				5800BE7650CF5B392F37106E /* Repositories */,
				F648F0F3CB067B1206F71713 /* Services */,
				39C7334B49E769CCF9D46904 /* Storage */,
			);
			path = Data;
			sourceTree = "<group>";
		};
		9A7F4B1C6AB8C74561926B3F /* Presentation */ = {
			isa = PBXGroup;
			children = (
				81E61A37C79E94BCACD4FB80 /* AreaPicker */,
				4B7F68E42CD88DA2D6213757 /* Common */,
				2B40377390E07BDF24F1113B /* Editor */,
				48FFC9712B129FE8615417E4 /* Main */,
				85F7C9572EE42D62930D91E5 /* Notch */,
				81C88ABE058D7D06933EC859 /* Onboarding */,
				D91A44B86CAE883185B59A42 /* Pin */,
				D6CF749F7908E0762B119363 /* Preview */,
				1E531272997ACB6460F59819 /* Recorder */,
				7B3CC561834D83546C8AA0DC /* Settings */,
				8E886F59711B6F9AEDC33713 /* WindowPicker */,
			);
			path = Presentation;
			sourceTree = "<group>";
		};
		D4C424AB6A483F9EB424B35E /* Products */ = {
			isa = PBXGroup;
			children = (
				50AAB6A814BD2D36D7E533FA /* WinterShot.app */,
			);
			name = Products;
			sourceTree = "<group>";
		};
		D6CF749F7908E0762B119363 /* Preview */ = {
			isa = PBXGroup;
			children = (
				9F44A30B804B90627C25BA56 /* CapturePreviewManager.swift */,
			);
			path = Preview;
			sourceTree = "<group>";
		};
		D91A44B86CAE883185B59A42 /* Pin */ = {
			isa = PBXGroup;
			children = (
				B5C70BAAD5A3AE9B44697E8D /* PinWindowManager.swift */,
			);
			path = Pin;
			sourceTree = "<group>";
		};
		F648F0F3CB067B1206F71713 /* Services */ = {
			isa = PBXGroup;
			children = (
				EEE907829DF69444DC931D37 /* AreaCaptureService.swift */,
				BDAFC25C044A66DF7219D653 /* DisplayFreezer.swift */,
				FBDADA3A9CC5BD28C982EBFC /* GitHubUpdateService.swift */,
				D68C1EB5C4AB5BC9260D1BC5 /* GlobalHotkeyService.swift */,
				4F2C85BBB3B7986A9C6BE3E1 /* RecordingCompositor.swift */,
				4CDCE549FCA7A124F561D866 /* RecordingExporterService.swift */,
				092BDC9C41BF6768F07573BA /* ScreenRecordingService.swift */,
				036BF601111B474D5B59C780 /* SystemScreenCaptureService.swift */,
				9C22DBA2EA5FB10EB3FEAF22 /* UpdateInstaller.swift */,
				09D9E79352A4F3D535132EA2 /* VisionOCRService.swift */,
				20EDBC135B97FBE45E8D9774 /* WindowCaptureService.swift */,
			);
			path = Services;
			sourceTree = "<group>";
		};
/* End PBXGroup section */

/* Begin PBXNativeTarget section */
		73E739B9C72F3EDDE6CEB305 /* WinterShot */ = {
			isa = PBXNativeTarget;
			buildConfigurationList = 0A2355858D450595253D105C /* Build configuration list for PBXNativeTarget "WinterShot" */;
			buildPhases = (
				922565884DAD5D050879FA97 /* Sources */,
				5F5DE0C583573006FB688764 /* Resources */,
			);
			buildRules = (
			);
			dependencies = (
			);
			name = WinterShot;
			packageProductDependencies = (
			);
			productName = WinterShot;
			productReference = 50AAB6A814BD2D36D7E533FA /* WinterShot.app */;
			productType = "com.apple.product-type.application";
		};
/* End PBXNativeTarget section */

/* Begin PBXProject section */
		2F1920E5BB1073BE8D2EB9DB /* Project object */ = {
			isa = PBXProject;
			attributes = {
				BuildIndependentTargetsInParallel = YES;
				LastUpgradeCheck = 1430;
				TargetAttributes = {
					73E739B9C72F3EDDE6CEB305 = {
						DevelopmentTeam = DA9KW67BQV;
						ProvisioningStyle = Manual;
					};
				};
			};
			buildConfigurationList = 1B0881F9D3A09D7189546ACA /* Build configuration list for PBXProject "WinterShot" */;
			developmentRegion = en;
			hasScannedForEncodings = 0;
			knownRegions = (
				Base,
				en,
			);
			mainGroup = 1EADD10A71F317F3B104B8B5;
			minimizedProjectReferenceProxies = 1;
			preferredProjectObjectVersion = 77;
			productRefGroup = D4C424AB6A483F9EB424B35E /* Products */;
			projectDirPath = "";
			projectRoot = "";
			targets = (
				73E739B9C72F3EDDE6CEB305 /* WinterShot */,
			);
		};
/* End PBXProject section */

/* Begin PBXResourcesBuildPhase section */
		5F5DE0C583573006FB688764 /* Resources */ = {
			isa = PBXResourcesBuildPhase;
			buildActionMask = 2147483647;
			files = (
				77E4075EA9E2256BCADD0EC9 /* Assets.xcassets in Resources */,
			);
			runOnlyForDeploymentPostprocessing = 0;
		};
/* End PBXResourcesBuildPhase section */

/* Begin PBXSourcesBuildPhase section */
		922565884DAD5D050879FA97 /* Sources */ = {
			isa = PBXSourcesBuildPhase;
			buildActionMask = 2147483647;
			files = (
				8C4049F99FF6D689F78C1499 /* Annotation.swift in Sources */,
				E00B8108EA40EEB90C382281 /* AnnotationColor+SwiftUI.swift in Sources */,
				3C8FF4279883AE9B6B05C29C /* AnnotationRenderer.swift in Sources */,
				683B6C8B29B0684CFAFA62F3 /* AnnotationRepository.swift in Sources */,
				5B404C483E8691805D2074DB /* AnnotationRepositoryImpl.swift in Sources */,
				5E2D4E44BAE9FA3E4629EE6D /* AppDelegate.swift in Sources */,
				F678FA2372BE2EDE419C373F /* AppIcon.swift in Sources */,
				BE3BF672E93B2FEE4A36A497 /* AppPreferences.swift in Sources */,
				A0A94F5C6DEAD8DFC82A9668 /* AreaCaptureService.swift in Sources */,
				3A441895771A52FEE6DA155D /* AreaPickerOverlay.swift in Sources */,
				75ADB67BD8077A76A83A844A /* BackdropStyle.swift in Sources */,
				39C642B6AA5F669211FE6704 /* BeautifyRenderer.swift in Sources */,
				8E6F6C5EB1CA539E4958A112 /* CaptureHotkey.swift in Sources */,
				9E2CA98C71F97958DBE5254D /* CaptureMode.swift in Sources */,
				3AF43CE26B1F5036E8E0ADE7 /* CapturePreviewManager.swift in Sources */,
				30436D41AC0C57AF39999121 /* CaptureScreenshotUseCase.swift in Sources */,
				8D38C233745E963EF1CA3998 /* CapturesSidebarView.swift in Sources */,
				804CDC953F188AE1DC151962 /* DIContainer.swift in Sources */,
				87DCCC0E1E1EB623145CEA09 /* DeleteScreenshotUseCase.swift in Sources */,
				F228065A0E5808839AB8AB33 /* DisplayFreezer.swift in Sources */,
				987D7A70E31E21D2DDEF3FD2 /* EditorCanvasView.swift in Sources */,
				B53C3632DC94BC2E86731E8C /* EditorToolbarView.swift in Sources */,
				79275690A86833FA965D95D8 /* EditorView.swift in Sources */,
				B4DB1872752D120E6EC4822E /* EditorViewModel.swift in Sources */,
				D36E093D9DA2A9A127D152C3 /* EscapeCancelMonitor.swift in Sources */,
				8DA8FA2E84B23910E06608DC /* FetchHistoryUseCase.swift in Sources */,
				7BAD339EC928E0DA062C7B31 /* FileScreenshotStore.swift in Sources */,
				1FD8EF4777DD8BA0A8D27F96 /* FlattenedImageView.swift in Sources */,
				16CF37EAFE195EAD403182F4 /* GitHubUpdateService.swift in Sources */,
				AF20A663548E41989211C52A /* GlobalHotkeyService.swift in Sources */,
				F2E765791CE53DFB5A8936C3 /* HotkeyRecorderView.swift in Sources */,
				0D4ABB33D0BB8B5971A74744 /* LoadAnnotationsUseCase.swift in Sources */,
				DEBE62A7779E90ADBA4A323C /* MainViewModel.swift in Sources */,
				1A0676CDE9AE59651B0E0249 /* MainWindowView.swift in Sources */,
				FCDB4E49C32A68F3FD67F6F0 /* NotchHistoryView.swift in Sources */,
				CBF9FEF6D22F1ADDF4583F61 /* NotchPanelManager.swift in Sources */,
				155D92684D223C7B7E3BA0F6 /* OCRService.swift in Sources */,
				E4EA7B71DD0E0E37F032478D /* OnboardingView.swift in Sources */,
				3930877CD1520CC331DF64D5 /* OnboardingWindowController.swift in Sources */,
				B4E5D81DE3706141A32AE02B /* OverlayPanel.swift in Sources */,
				57242771BFDA3142FEEC473E /* PinWindowManager.swift in Sources */,
				0896CCE91C388FBB08EFBDDD /* RecognizeTextUseCase.swift in Sources */,
				EE3993997CB1F2CB93D9D8DB /* RecordScreenUseCase.swift in Sources */,
				F80E9ADFD59260635659DCAD /* Recording.swift in Sources */,
				F42ABD982420D6C72E3E2FEA /* RecordingCompositor.swift in Sources */,
				9108600B04B8F7802F10624E /* RecordingController.swift in Sources */,
				7528A0E792A46DF0930D31A7 /* RecordingExportView.swift in Sources */,
				577B81ABD38F37821D1572F2 /* RecordingExportWindowController.swift in Sources */,
				24637C63E2E54083FED1EAA8 /* RecordingExporterService.swift in Sources */,
				12F60D26C7151202921C16F8 /* RecordingPreviewView.swift in Sources */,
				9CCBE6E68F7606DA2637D778 /* SaveAnnotationsUseCase.swift in Sources */,
				1C30A9DDDA5B7D5865BC2177 /* ScreenRecorder.swift in Sources */,
				1C9C8342BABC17640532B6CC /* ScreenRecordingService.swift in Sources */,
				7844646A77126DAFA0308CA8 /* Screenshot.swift in Sources */,
				FCA4153F12E778A939457E93 /* ScreenshotRepository.swift in Sources */,
				6D727EDBFB38FA842318B79E /* ScreenshotRepositoryImpl.swift in Sources */,
				BBE1528808F70A2DBC6C3A36 /* SetBackgroundUseCase.swift in Sources */,
				56B9B5A4E3988FA975655241 /* SetCropUseCase.swift in Sources */,
				52C2E7B5EE9C939D67AB5D05 /* SettingsView.swift in Sources */,
				9BA1C90F55DADE80DE784454 /* SystemScreenCaptureService.swift in Sources */,
				7B94C47F0C3A3FACEC9F5432 /* UpdateChecker.swift in Sources */,
				3FC0FB281DA223CA40AB8518 /* UpdateInstaller.swift in Sources */,
				AA14A4CB3BA0E380680E0BFD /* VisionOCRService.swift in Sources */,
				49985723090FC67B79A365B3 /* WindowCaptureService.swift in Sources */,
				66F076040B797CC955E11F77 /* WindowOpener.swift in Sources */,
				443539E55EA4D09183F330B8 /* WindowPickerOverlay.swift in Sources */,
				D076F868B1781BAB4E1211D6 /* WinterShotApp.swift in Sources */,
			);
			runOnlyForDeploymentPostprocessing = 0;
		};
/* End PBXSourcesBuildPhase section */

/* Begin XCBuildConfiguration section */
		0FE50987328F2D6B2E119B8D /* Release */ = {
			isa = XCBuildConfiguration;
			buildSettings = {
				ALWAYS_SEARCH_USER_PATHS = NO;
				CLANG_ANALYZER_NONNULL = YES;
				CLANG_ANALYZER_NUMBER_OBJECT_CONVERSION = YES_AGGRESSIVE;
				CLANG_CXX_LANGUAGE_STANDARD = "gnu++14";
				CLANG_CXX_LIBRARY = "libc++";
				CLANG_ENABLE_MODULES = YES;
				CLANG_ENABLE_OBJC_ARC = YES;
				CLANG_ENABLE_OBJC_WEAK = YES;
				CLANG_WARN_BLOCK_CAPTURE_AUTORELEASING = YES;
				CLANG_WARN_BOOL_CONVERSION = YES;
				CLANG_WARN_COMMA = YES;
				CLANG_WARN_CONSTANT_CONVERSION = YES;
				CLANG_WARN_DEPRECATED_OBJC_IMPLEMENTATIONS = YES;
				CLANG_WARN_DIRECT_OBJC_ISA_USAGE = YES_ERROR;
				CLANG_WARN_DOCUMENTATION_COMMENTS = YES;
				CLANG_WARN_EMPTY_BODY = YES;
				CLANG_WARN_ENUM_CONVERSION = YES;
				CLANG_WARN_INFINITE_RECURSION = YES;
				CLANG_WARN_INT_CONVERSION = YES;
				CLANG_WARN_NON_LITERAL_NULL_CONVERSION = YES;
				CLANG_WARN_OBJC_IMPLICIT_RETAIN_SELF = YES;
				CLANG_WARN_OBJC_LITERAL_CONVERSION = YES;
				CLANG_WARN_OBJC_ROOT_CLASS = YES_ERROR;
				CLANG_WARN_QUOTED_INCLUDE_IN_FRAMEWORK_HEADER = YES;
				CLANG_WARN_RANGE_LOOP_ANALYSIS = YES;
				CLANG_WARN_STRICT_PROTOTYPES = YES;
				CLANG_WARN_SUSPICIOUS_MOVE = YES;
				CLANG_WARN_UNGUARDED_AVAILABILITY = YES_AGGRESSIVE;
				CLANG_WARN_UNREACHABLE_CODE = YES;
				CLANG_WARN__DUPLICATE_METHOD_MATCH = YES;
				COPY_PHASE_STRIP = NO;
				DEBUG_INFORMATION_FORMAT = "dwarf-with-dsym";
				ENABLE_NS_ASSERTIONS = NO;
				ENABLE_STRICT_OBJC_MSGSEND = YES;
				GCC_C_LANGUAGE_STANDARD = gnu11;
				GCC_NO_COMMON_BLOCKS = YES;
				GCC_WARN_64_TO_32_BIT_CONVERSION = YES;
				GCC_WARN_ABOUT_RETURN_TYPE = YES_ERROR;
				GCC_WARN_UNDECLARED_SELECTOR = YES;
				GCC_WARN_UNINITIALIZED_AUTOS = YES_AGGRESSIVE;
				GCC_WARN_UNUSED_FUNCTION = YES;
				GCC_WARN_UNUSED_VARIABLE = YES;
				MACOSX_DEPLOYMENT_TARGET = 14.0;
				MTL_ENABLE_DEBUG_INFO = NO;
				MTL_FAST_MATH = YES;
				PRODUCT_NAME = "$(TARGET_NAME)";
				SDKROOT = macosx;
				SWIFT_COMPILATION_MODE = wholemodule;
				SWIFT_OPTIMIZATION_LEVEL = "-O";
				SWIFT_VERSION = 5.0;
			};
			name = Release;
		};
		2A4CFD556F832FF432EB5F2F /* Debug */ = {
			isa = XCBuildConfiguration;
			buildSettings = {
				ASSETCATALOG_COMPILER_APPICON_NAME = AppIcon;
				CODE_SIGN_IDENTITY = 2E8C8843523E16FAF9C2A0EEFE944335933E5C16;
				CODE_SIGN_STYLE = Manual;
				COMBINE_HIDPI_IMAGES = YES;
				DEVELOPMENT_TEAM = DA9KW67BQV;
				ENABLE_HARDENED_RUNTIME = NO;
				INFOPLIST_FILE = WinterShot/Info.plist;
				LD_RUNPATH_SEARCH_PATHS = (
					"$(inherited)",
					"@executable_path/../Frameworks",
				);
				MACOSX_DEPLOYMENT_TARGET = 14.0;
				PRODUCT_BUNDLE_IDENTIFIER = com.winterzxzz.WinterShot;
				SDKROOT = macosx;
				SWIFT_VERSION = 5.0;
			};
			name = Debug;
		};
		45BBF718670BF486DA00C36C /* Debug */ = {
			isa = XCBuildConfiguration;
			buildSettings = {
				ALWAYS_SEARCH_USER_PATHS = NO;
				CLANG_ANALYZER_NONNULL = YES;
				CLANG_ANALYZER_NUMBER_OBJECT_CONVERSION = YES_AGGRESSIVE;
				CLANG_CXX_LANGUAGE_STANDARD = "gnu++14";
				CLANG_CXX_LIBRARY = "libc++";
				CLANG_ENABLE_MODULES = YES;
				CLANG_ENABLE_OBJC_ARC = YES;
				CLANG_ENABLE_OBJC_WEAK = YES;
				CLANG_WARN_BLOCK_CAPTURE_AUTORELEASING = YES;
				CLANG_WARN_BOOL_CONVERSION = YES;
				CLANG_WARN_COMMA = YES;
				CLANG_WARN_CONSTANT_CONVERSION = YES;
				CLANG_WARN_DEPRECATED_OBJC_IMPLEMENTATIONS = YES;
				CLANG_WARN_DIRECT_OBJC_ISA_USAGE = YES_ERROR;
				CLANG_WARN_DOCUMENTATION_COMMENTS = YES;
				CLANG_WARN_EMPTY_BODY = YES;
				CLANG_WARN_ENUM_CONVERSION = YES;
				CLANG_WARN_INFINITE_RECURSION = YES;
				CLANG_WARN_INT_CONVERSION = YES;
				CLANG_WARN_NON_LITERAL_NULL_CONVERSION = YES;
				CLANG_WARN_OBJC_IMPLICIT_RETAIN_SELF = YES;
				CLANG_WARN_OBJC_LITERAL_CONVERSION = YES;
				CLANG_WARN_OBJC_ROOT_CLASS = YES_ERROR;
				CLANG_WARN_QUOTED_INCLUDE_IN_FRAMEWORK_HEADER = YES;
				CLANG_WARN_RANGE_LOOP_ANALYSIS = YES;
				CLANG_WARN_STRICT_PROTOTYPES = YES;
				CLANG_WARN_SUSPICIOUS_MOVE = YES;
				CLANG_WARN_UNGUARDED_AVAILABILITY = YES_AGGRESSIVE;
				CLANG_WARN_UNREACHABLE_CODE = YES;
				CLANG_WARN__DUPLICATE_METHOD_MATCH = YES;
				COPY_PHASE_STRIP = NO;
				DEBUG_INFORMATION_FORMAT = dwarf;
				ENABLE_STRICT_OBJC_MSGSEND = YES;
				ENABLE_TESTABILITY = YES;
				GCC_C_LANGUAGE_STANDARD = gnu11;
				GCC_DYNAMIC_NO_PIC = NO;
				GCC_NO_COMMON_BLOCKS = YES;
				GCC_OPTIMIZATION_LEVEL = 0;
				GCC_PREPROCESSOR_DEFINITIONS = (
					"$(inherited)",
					"DEBUG=1",
				);
				GCC_WARN_64_TO_32_BIT_CONVERSION = YES;
				GCC_WARN_ABOUT_RETURN_TYPE = YES_ERROR;
				GCC_WARN_UNDECLARED_SELECTOR = YES;
				GCC_WARN_UNINITIALIZED_AUTOS = YES_AGGRESSIVE;
				GCC_WARN_UNUSED_FUNCTION = YES;
				GCC_WARN_UNUSED_VARIABLE = YES;
				MACOSX_DEPLOYMENT_TARGET = 14.0;
				MTL_ENABLE_DEBUG_INFO = INCLUDE_SOURCE;
				MTL_FAST_MATH = YES;
				ONLY_ACTIVE_ARCH = YES;
				PRODUCT_NAME = "$(TARGET_NAME)";
				SDKROOT = macosx;
				SWIFT_ACTIVE_COMPILATION_CONDITIONS = DEBUG;
				SWIFT_OPTIMIZATION_LEVEL = "-Onone";
				SWIFT_VERSION = 5.0;
			};
			name = Debug;
		};
		75736ACE313FE00F4526FC68 /* Release */ = {
			isa = XCBuildConfiguration;
			buildSettings = {
				ASSETCATALOG_COMPILER_APPICON_NAME = AppIcon;
				CODE_SIGN_IDENTITY = 2E8C8843523E16FAF9C2A0EEFE944335933E5C16;
				CODE_SIGN_STYLE = Manual;
				COMBINE_HIDPI_IMAGES = YES;
				DEVELOPMENT_TEAM = DA9KW67BQV;
				ENABLE_HARDENED_RUNTIME = NO;
				INFOPLIST_FILE = WinterShot/Info.plist;
				LD_RUNPATH_SEARCH_PATHS = (
					"$(inherited)",
					"@executable_path/../Frameworks",
				);
				MACOSX_DEPLOYMENT_TARGET = 14.0;
				PRODUCT_BUNDLE_IDENTIFIER = com.winterzxzz.WinterShot;
				SDKROOT = macosx;
				SWIFT_VERSION = 5.0;
			};
			name = Release;
		};
/* End XCBuildConfiguration section */

/* Begin XCConfigurationList section */
		0A2355858D450595253D105C /* Build configuration list for PBXNativeTarget "WinterShot" */ = {
			isa = XCConfigurationList;
			buildConfigurations = (
				2A4CFD556F832FF432EB5F2F /* Debug */,
				75736ACE313FE00F4526FC68 /* Release */,
			);
			defaultConfigurationIsVisible = 0;
			defaultConfigurationName = Debug;
		};
		1B0881F9D3A09D7189546ACA /* Build configuration list for PBXProject "WinterShot" */ = {
			isa = XCConfigurationList;
			buildConfigurations = (
				45BBF718670BF486DA00C36C /* Debug */,
				0FE50987328F2D6B2E119B8D /* Release */,
			);
			defaultConfigurationIsVisible = 0;
			defaultConfigurationName = Debug;
		};
/* End XCConfigurationList section */
	};
	rootObject = 2F1920E5BB1073BE8D2EB9DB /* Project object */;
}
